// !$*UTF8*$!
{
	archiveVersion = 1;
	classes = {
	};
	objectVersion = 46;
	objects = {

/* Begin PBXBuildFile section */
		7EFED2A019C008B600903310 /* AppDelegate.swift in Sources */ = {isa = PBXBuildFile; fileRef = 7EFED29F19C008B600903310 /* AppDelegate.swift */; };
		7EFED2A219C008B600903310 /* MasterViewController.swift in Sources */ = {isa = PBXBuildFile; fileRef = 7EFED2A119C008B600903310 /* MasterViewController.swift */; };
		7EFED2A419C008B600903310 /* DetailViewController.swift in Sources */ = {isa = PBXBuildFile; fileRef = 7EFED2A319C008B600903310 /* DetailViewController.swift */; };
		7EFED2A719C008B600903310 /* Main.storyboard in Resources */ = {isa = PBXBuildFile; fileRef = 7EFED2A519C008B600903310 /* Main.storyboard */; };
		7EFED2A919C008B600903310 /* Images.xcassets in Resources */ = {isa = PBXBuildFile; fileRef = 7EFED2A819C008B600903310 /* Images.xcassets */; };
		7EFED2AC19C008B600903310 /* LaunchScreen.xib in Resources */ = {isa = PBXBuildFile; fileRef = 7EFED2AA19C008B600903310 /* LaunchScreen.xib */; };
		7EFED2B819C008B600903310 /* manabo_apiTests.swift in Sources */ = {isa = PBXBuildFile; fileRef = 7EFED2B719C008B600903310 /* manabo_apiTests.swift */; };
/* End PBXBuildFile section */

/* Begin PBXContainerItemProxy section */
		7EFED2B219C008B600903310 /* PBXContainerItemProxy */ = {
			isa = PBXContainerItemProxy;
			containerPortal = 7EFED29219C008B600903310 /* Project object */;
			proxyType = 1;
			remoteGlobalIDString = 7EFED29919C008B600903310;
			remoteInfo = "manabo-api";
		};
/* End PBXContainerItemProxy section */

/* Begin PBXFileReference section */
		7EFED29A19C008B600903310 /* manabo-api.app */ = {isa = PBXFileReference; explicitFileType = wrapper.application; includeInIndex = 0; path = "manabo-api.app"; sourceTree = BUILT_PRODUCTS_DIR; };
		7EFED29E19C008B600903310 /* Info.plist */ = {isa = PBXFileReference; lastKnownFileType = text.plist.xml; path = Info.plist; sourceTree = "<group>"; };
		7EFED29F19C008B600903310 /* AppDelegate.swift */ = {isa = PBXFileReference; lastKnownFileType = sourcecode.swift; path = AppDelegate.swift; sourceTree = "<group>"; };
		7EFED2A119C008B600903310 /* MasterViewController.swift */ = {isa = PBXFileReference; lastKnownFileType = sourcecode.swift; path = MasterViewController.swift; sourceTree = "<group>"; };
		7EFED2A319C008B600903310 /* DetailViewController.swift */ = {isa = PBXFileReference; lastKnownFileType = sourcecode.swift; path = DetailViewController.swift; sourceTree = "<group>"; };
		7EFED2A619C008B600903310 /* Base */ = {isa = PBXFileReference; lastKnownFileType = file.storyboard; name = Base; path = Base.lproj/Main.storyboard; sourceTree = "<group>"; };
		7EFED2A819C008B600903310 /* Images.xcassets */ = {isa = PBXFileReference; lastKnownFileType = folder.assetcatalog; path = Images.xcassets; sourceTree = "<group>"; };
		7EFED2AB19C008B600903310 /* Base */ = {isa = PBXFileReference; lastKnownFileType = file.xib; name = Base; path = Base.lproj/LaunchScreen.xib; sourceTree = "<group>"; };
		7EFED2B119C008B600903310 /* manabo-apiTests.xctest */ = {isa = PBXFileReference; explicitFileType = wrapper.cfbundle; includeInIndex = 0; path = "manabo-apiTests.xctest"; sourceTree = BUILT_PRODUCTS_DIR; };
		7EFED2B619C008B600903310 /* Info.plist */ = {isa = PBXFileReference; lastKnownFileType = text.plist.xml; path = Info.plist; sourceTree = "<group>"; };
		7EFED2B719C008B600903310 /* manabo_apiTests.swift */ = {isa = PBXFileReference; lastKnownFileType = sourcecode.swift; path = manabo_apiTests.swift; sourceTree = "<group>"; };
/* End PBXFileReference section */

/* Begin PBXFrameworksBuildPhase section */
		7EFED29719C008B600903310 /* Frameworks */ = {
			isa = PBXFrameworksBuildPhase;
			buildActionMask = 2147483647;
			files = (
			);
			runOnlyForDeploymentPostprocessing = 0;
		};
		7EFED2AE19C008B600903310 /* Frameworks */ = {
			isa = PBXFrameworksBuildPhase;
			buildActionMask = 2147483647;
			files = (
			);
			runOnlyForDeploymentPostprocessing = 0;
		};
/* End PBXFrameworksBuildPhase section */

/* Begin PBXGroup section */
		7EFED29119C008B600903310 = {
			isa = PBXGroup;
			children = (
				7EFED29C19C008B600903310 /* manabo-api */,
				7EFED2B419C008B600903310 /* manabo-apiTests */,
				7EFED29B19C008B600903310 /* Products */,
			);
			sourceTree = "<group>";
		};
		7EFED29B19C008B600903310 /* Products */ = {
			isa = PBXGroup;
			children = (
				7EFED29A19C008B600903310 /* manabo-api.app */,
				7EFED2B119C008B600903310 /* manabo-apiTests.xctest */,
			);
			name = Products;
			sourceTree = "<group>";
		};
		7EFED29C19C008B600903310 /* manabo-api */ = {
			isa = PBXGroup;
			children = (
				7EFED29F19C008B600903310 /* AppDelegate.swift */,
				7EFED2A119C008B600903310 /* MasterViewController.swift */,
				7EFED2A319C008B600903310 /* DetailViewController.swift */,
				7EFED2A519C008B600903310 /* Main.storyboard */,
				7EFED2A819C008B600903310 /* Images.xcassets */,
				7EFED2AA19C008B600903310 /* LaunchScreen.xib */,
				7EFED29D19C008B600903310 /* Supporting Files */,
			);
			path = "manabo-api";
			sourceTree = "<group>";
		};
		7EFED29D19C008B600903310 /* Supporting Files */ = {
			isa = PBXGroup;
			children = (
				7EFED29E19C008B600903310 /* Info.plist */,
			);
			name = "Supporting Files";
			sourceTree = "<group>";
		};
		7EFED2B419C008B600903310 /* manabo-apiTests */ = {
			isa = PBXGroup;
			children = (
				7EFED2B719C008B600903310 /* manabo_apiTests.swift */,
				7EFED2B519C008B600903310 /* Supporting Files */,
			);
			path = "manabo-apiTests";
			sourceTree = "<group>";
		};
		7EFED2B519C008B600903310 /* Supporting Files */ = {
			isa = PBXGroup;
			children = (
				7EFED2B619C008B600903310 /* Info.plist */,
			);
			name = "Supporting Files";
			sourceTree = "<group>";
		};
/* End PBXGroup section */

/* Begin PBXNativeTarget section */
		7EFED29919C008B600903310 /* manabo-api */ = {
			isa = PBXNativeTarget;
			buildConfigurationList = 7EFED2BB19C008B600903310 /* Build configuration list for PBXNativeTarget "manabo-api" */;
			buildPhases = (
				7EFED29619C008B600903310 /* Sources */,
				7EFED29719C008B600903310 /* Frameworks */,
				7EFED29819C008B600903310 /* Resources */,
			);
			buildRules = (
			);
			dependencies = (
			);
			name = "manabo-api";
			productName = "manabo-api";
			productReference = 7EFED29A19C008B600903310 /* manabo-api.app */;
			productType = "com.apple.product-type.application";
		};
		7EFED2B019C008B600903310 /* manabo-apiTests */ = {
			isa = PBXNativeTarget;
			buildConfigurationList = 7EFED2BE19C008B600903310 /* Build configuration list for PBXNativeTarget "manabo-apiTests" */;
			buildPhases = (
				7EFED2AD19C008B600903310 /* Sources */,
				7EFED2AE19C008B600903310 /* Frameworks */,
				7EFED2AF19C008B600903310 /* Resources */,
			);
			buildRules = (
			);
			dependencies = (
				7EFED2B319C008B600903310 /* PBXTargetDependency */,
			);
			name = "manabo-apiTests";
			productName = "manabo-apiTests";
			productReference = 7EFED2B119C008B600903310 /* manabo-apiTests.xctest */;
			productType = "com.apple.product-type.bundle.unit-test";
		};
/* End PBXNativeTarget section */

/* Begin PBXProject section */
		7EFED29219C008B600903310 /* Project object */ = {
			isa = PBXProject;
			attributes = {
				LastUpgradeCheck = 0600;
				ORGANIZATIONNAME = "Daisuke Yamashita";
				TargetAttributes = {
					7EFED29919C008B600903310 = {
						CreatedOnToolsVersion = 6.0;
					};
					7EFED2B019C008B600903310 = {
						CreatedOnToolsVersion = 6.0;
						TestTargetID = 7EFED29919C008B600903310;
					};
				};
			};
			buildConfigurationList = 7EFED29519C008B600903310 /* Build configuration list for PBXProject "manabo-api" */;
			compatibilityVersion = "Xcode 3.2";
			developmentRegion = English;
			hasScannedForEncodings = 0;
			knownRegions = (
				en,
				Base,
			);
			mainGroup = 7EFED29119C008B600903310;
			productRefGroup = 7EFED29B19C008B600903310 /* Products */;
			projectDirPath = "";
			projectRoot = "";
			targets = (
				7EFED29919C008B600903310 /* manabo-api */,
				7EFED2B019C008B600903310 /* manabo-apiTests */,
			);
		};
/* End PBXProject section */

/* Begin PBXResourcesBuildPhase section */
		7EFED29819C008B600903310 /* Resources */ = {
			isa = PBXResourcesBuildPhase;
			buildActionMask = 2147483647;
			files = (
				7EFED2A719C008B600903310 /* Main.storyboard in Resources */,
				7EFED2AC19C008B600903310 /* LaunchScreen.xib in Resources */,
				7EFED2A919C008B600903310 /* Images.xcassets in Resources */,
			);
			runOnlyForDeploymentPostprocessing = 0;
		};
		7EFED2AF19C008B600903310 /* Resources */ = {
			isa = PBXResourcesBuildPhase;
			buildActionMask = 2147483647;
			files = (
			);
			runOnlyForDeploymentPostprocessing = 0;
		};
/* End PBXResourcesBuildPhase section */

/* Begin PBXSourcesBuildPhase section */
		7EFED29619C008B600903310 /* Sources */ = {
			isa = PBXSourcesBuildPhase;
			buildActionMask = 2147483647;
			files = (
				7EFED2A419C008B600903310 /* DetailViewController.swift in Sources */,
				7EFED2A219C008B600903310 /* MasterViewController.swift in Sources */,
				7EFED2A019C008B600903310 /* AppDelegate.swift in Sources */,
			);
			runOnlyForDeploymentPostprocessing = 0;
		};
		7EFED2AD19C008B600903310 /* Sources */ = {
			isa = PBXSourcesBuildPhase;
			buildActionMask = 2147483647;
			files = (
				7EFED2B819C008B600903310 /* manabo_apiTests.swift in Sources */,
			);
			runOnlyForDeploymentPostprocessing = 0;
		};
/* End PBXSourcesBuildPhase section */

/* Begin PBXTargetDependency section */
		7EFED2B319C008B600903310 /* PBXTargetDependency */ = {
			isa = PBXTargetDependency;
			target = 7EFED29919C008B600903310 /* manabo-api */;
			targetProxy = 7EFED2B219C008B600903310 /* PBXContainerItemProxy */;
		};
/* End PBXTargetDependency section */

/* Begin PBXVariantGroup section */
		7EFED2A519C008B600903310 /* Main.storyboard */ = {
			isa = PBXVariantGroup;
			children = (
				7EFED2A619C008B600903310 /* Base */,
			);
			name = Main.storyboard;
			sourceTree = "<group>";
		};
		7EFED2AA19C008B600903310 /* LaunchScreen.xib */ = {
			isa = PBXVariantGroup;
			children = (
				7EFED2AB19C008B600903310 /* Base */,
			);
			name = LaunchScreen.xib;
			sourceTree = "<group>";
		};
/* End PBXVariantGroup section */

/* Begin XCBuildConfiguration section */
		7EFED2B919C008B600903310 /* Debug */ = {
			isa = XCBuildConfiguration;
			buildSettings = {
				ALWAYS_SEARCH_USER_PATHS = NO;
				CLANG_CXX_LANGUAGE_STANDARD = "gnu++0x";
				CLANG_CXX_LIBRARY = "libc++";
				CLANG_ENABLE_MODULES = YES;
				CLANG_ENABLE_OBJC_ARC = YES;
				CLANG_WARN_BOOL_CONVERSION = YES;
				CLANG_WARN_CONSTANT_CONVERSION = YES;
				CLANG_WARN_DIRECT_OBJC_ISA_USAGE = YES_ERROR;
				CLANG_WARN_EMPTY_BODY = YES;
				CLANG_WARN_ENUM_CONVERSION = YES;
				CLANG_WARN_INT_CONVERSION = YES;
				CLANG_WARN_OBJC_ROOT_CLASS = YES_ERROR;
				CLANG_WARN_UNREACHABLE_CODE = YES;
				CLANG_WARN__DUPLICATE_METHOD_MATCH = YES;
				"CODE_SIGN_IDENTITY[sdk=iphoneos*]" = "iPhone Developer";
				COPY_PHASE_STRIP = NO;
				ENABLE_STRICT_OBJC_MSGSEND = YES;
				GCC_C_LANGUAGE_STANDARD = gnu99;
				GCC_DYNAMIC_NO_PIC = NO;
				GCC_OPTIMIZATION_LEVEL = 0;
				GCC_PREPROCESSOR_DEFINITIONS = (
					"DEBUG=1",
					"$(inherited)",
				);
				GCC_SYMBOLS_PRIVATE_EXTERN = NO;
				GCC_WARN_64_TO_32_BIT_CONVERSION = YES;
				GCC_WARN_ABOUT_RETURN_TYPE = YES_ERROR;
				GCC_WARN_UNDECLARED_SELECTOR = YES;
				GCC_WARN_UNINITIALIZED_AUTOS = YES_AGGRESSIVE;
				GCC_WARN_UNUSED_FUNCTION = YES;
				GCC_WARN_UNUSED_VARIABLE = YES;
				IPHONEOS_DEPLOYMENT_TARGET = 8.0;
				MTL_ENABLE_DEBUG_INFO = YES;
				ONLY_ACTIVE_ARCH = YES;
				SDKROOT = iphoneos;
				SWIFT_OPTIMIZATION_LEVEL = "-Onone";
				TARGETED_DEVICE_FAMILY = 2;
			};
			name = Debug;
		};
		7EFED2BA19C008B600903310 /* Release */ = {
			isa = XCBuildConfiguration;
			buildSettings = {
				ALWAYS_SEARCH_USER_PATHS = NO;
				CLANG_CXX_LANGUAGE_STANDARD = "gnu++0x";
				CLANG_CXX_LIBRARY = "libc++";
				CLANG_ENABLE_MODULES = YES;
				CLANG_ENABLE_OBJC_ARC = YES;
				CLANG_WARN_BOOL_CONVERSION = YES;
				CLANG_WARN_CONSTANT_CONVERSION = YES;
				CLANG_WARN_DIRECT_OBJC_ISA_USAGE = YES_ERROR;
				CLANG_WARN_EMPTY_BODY = YES;
				CLANG_WARN_ENUM_CONVERSION = YES;
				CLANG_WARN_INT_CONVERSION = YES;
				CLANG_WARN_OBJC_ROOT_CLASS = YES_ERROR;
				CLANG_WARN_UNREACHABLE_CODE = YES;
				CLANG_WARN__DUPLICATE_METHOD_MATCH = YES;
				"CODE_SIGN_IDENTITY[sdk=iphoneos*]" = "iPhone Developer";
				COPY_PHASE_STRIP = YES;
				ENABLE_NS_ASSERTIONS = NO;
				ENABLE_STRICT_OBJC_MSGSEND = YES;
				GCC_C_LANGUAGE_STANDARD = gnu99;
				GCC_WARN_64_TO_32_BIT_CONVERSION = YES;
				GCC_WARN_ABOUT_RETURN_TYPE = YES_ERROR;
				GCC_WARN_UNDECLARED_SELECTOR = YES;
				GCC_WARN_UNINITIALIZED_AUTOS = YES_AGGRESSIVE;
				GCC_WARN_UNUSED_FUNCTION = YES;
				GCC_WARN_UNUSED_VARIABLE = YES;
				IPHONEOS_DEPLOYMENT_TARGET = 8.0;
				MTL_ENABLE_DEBUG_INFO = NO;
				SDKROOT = iphoneos;
				TARGETED_DEVICE_FAMILY = 2;
				VALIDATE_PRODUCT = YES;
			};
			name = Release;
		};
		7EFED2BC19C008B600903310 /* Debug */ = {
			isa = XCBuildConfiguration;
			buildSettings = {
				ASSETCATALOG_COMPILER_APPICON_NAME = AppIcon;
				INFOPLIST_FILE = "manabo-api/Info.plist";
				LD_RUNPATH_SEARCH_PATHS = "$(inherited) @executable_path/Frameworks";
				PRODUCT_NAME = "$(TARGET_NAME)";
			};
			name = Debug;
		};
		7EFED2BD19C008B600903310 /* Release */ = {
			isa = XCBuildConfiguration;
			buildSettings = {
				ASSETCATALOG_COMPILER_APPICON_NAME = AppIcon;
				INFOPLIST_FILE = "manabo-api/Info.plist";
				LD_RUNPATH_SEARCH_PATHS = "$(inherited) @executable_path/Frameworks";
				PRODUCT_NAME = "$(TARGET_NAME)";
			};
			name = Release;
		};
		7EFED2BF19C008B600903310 /* Debug */ = {
			isa = XCBuildConfiguration;
			buildSettings = {
				BUNDLE_LOADER = "$(TEST_HOST)";
				FRAMEWORK_SEARCH_PATHS = (
					"$(SDKROOT)/Developer/Library/Frameworks",
					"$(inherited)",
				);
				GCC_PREPROCESSOR_DEFINITIONS = (
					"DEBUG=1",
					"$(inherited)",
				);
				INFOPLIST_FILE = "manabo-apiTests/Info.plist";
				LD_RUNPATH_SEARCH_PATHS = "$(inherited) @executable_path/Frameworks @loader_path/Frameworks";
				PRODUCT_NAME = "$(TARGET_NAME)";
				TEST_HOST = "$(BUILT_PRODUCTS_DIR)/manabo-api.app/manabo-api";
			};
			name = Debug;
		};
		7EFED2C019C008B600903310 /* Release */ = {
			isa = XCBuildConfiguration;
			buildSettings = {
				BUNDLE_LOADER = "$(TEST_HOST)";
				FRAMEWORK_SEARCH_PATHS = (
					"$(SDKROOT)/Developer/Library/Frameworks",
					"$(inherited)",
				);
				INFOPLIST_FILE = "manabo-apiTests/Info.plist";
				LD_RUNPATH_SEARCH_PATHS = "$(inherited) @executable_path/Frameworks @loader_path/Frameworks";
				PRODUCT_NAME = "$(TARGET_NAME)";
				TEST_HOST = "$(BUILT_PRODUCTS_DIR)/manabo-api.app/manabo-api";
			};
			name = Release;
		};
/* End XCBuildConfiguration section */

/* Begin XCConfigurationList section */
		7EFED29519C008B600903310 /* Build configuration list for PBXProject "manabo-api" */ = {
			isa = XCConfigurationList;
			buildConfigurations = (
				7EFED2B919C008B600903310 /* Debug */,
				7EFED2BA19C008B600903310 /* Release */,
			);
			defaultConfigurationIsVisible = 0;
			defaultConfigurationName = Release;
		};
		7EFED2BB19C008B600903310 /* Build configuration list for PBXNativeTarget "manabo-api" */ = {
			isa = XCConfigurationList;
			buildConfigurations = (
				7EFED2BC19C008B600903310 /* Debug */,
				7EFED2BD19C008B600903310 /* Release */,
			);
			defaultConfigurationIsVisible = 0;
		};
		7EFED2BE19C008B600903310 /* Build configuration list for PBXNativeTarget "manabo-apiTests" */ = {
			isa = XCConfigurationList;
			buildConfigurations = (
				7EFED2BF19C008B600903310 /* Debug */,
				7EFED2C019C008B600903310 /* Release */,
			);
			defaultConfigurationIsVisible = 0;
		};
/* End XCConfigurationList section */
	};
	rootObject = 7EFED29219C008B600903310 /* Project object */;
}
